
Microsoft Visual Studio Solution File, Format Version 12.00
# Visual Studio Version 17
VisualStudioVersion = 17.0.31903.59
MinimumVisualStudioVersion = 10.0.40219.1
Project("{FAE04EC0-301F-11D3-BF4B-00C04F79EFBC}") = "BOCCHI", "BOCCHI\BOCCHI.csproj", "{C3C4A105-2D76-4899-990C-706C78027119}"
EndProject
Project("{FAE04EC0-301F-11D3-BF4B-00C04F79EFBC}") = "BOCCHI.Common", "BOCCHI.Common\BOCCHI.Common.csproj", "{A36918B4-702E-4A36-9E0A-97431A770D29}"
EndProject
Project("{FAE04EC0-301F-11D3-BF4B-00C04F79EFBC}") = "BOCCHI.Experience", "BOCCHI.Experience\BOCCHI.Experience.csproj", "{16247A21-400E-4B7D-86E5-CF8F18BA8583}"
EndProject
Project("{FAE04EC0-301F-11D3-BF4B-00C04F79EFBC}") = "BOCCHI.Currency", "BOCCHI.Currency\BOCCHI.Currency.csproj", "{3DF2E74C-CC87-42BD-B8B9-7FAABC3F9104}"
EndProject
Project("{FAE04EC0-301F-11D3-BF4B-00C04F79EFBC}") = "BOCCHI.Buff", "BOCCHI.Buff\BOCCHI.Buff.csproj", "{E0457EAD-2E45-4C6F-8342-DE9A0310975F}"
EndProject
Project("{2150E333-8FDC-42A3-9474-1A3956D46DE8}") = "Ocelot", "Ocelot", "{66EC9825-CE5F-5B43-B38A-2716DF236601}"
EndProject
Project("{FAE04EC0-301F-11D3-BF4B-00C04F79EFBC}") = "Ocelot", "Ocelot\Ocelot\Ocelot.csproj", "{797B7D03-4347-429F-83FD-7A921AD43F1E}"
EndProject
Project("{FAE04EC0-301F-11D3-BF4B-00C04F79EFBC}") = "Ocelot.UI", "Ocelot\Ocelot.UI\Ocelot.UI.csproj", "{7BB27BE0-8A78-463C-95EE-8B74E2FE89CA}"
EndProject
Project("{FAE04EC0-301F-11D3-BF4B-00C04F79EFBC}") = "BOCCHI.Automator", "BOCCHI.Automator\BOCCHI.Automator.csproj", "{13621B80-05C9-46CF-A384-47CCDD497B9E}"
EndProject
Project("{FAE04EC0-301F-11D3-BF4B-00C04F79EFBC}") = "BOCCHI.Fates", "BOCCHI.Fates\BOCCHI.Fates.csproj", "{47452609-F1D3-4D60-9365-47EDBD193989}"
EndProject
Project("{FAE04EC0-301F-11D3-BF4B-00C04F79EFBC}") = "Ocelot.Chain", "Ocelot\Ocelot.Chain\Ocelot.Chain.csproj", "{E384F746-E294-48F8-BC26-FC74B06A66E4}"
EndProject
Project("{FAE04EC0-301F-11D3-BF4B-00C04F79EFBC}") = "Ocelot.Pathfinding", "Ocelot\Ocelot.Pathfinding\Ocelot.Pathfinding.csproj", "{435D4FF3-6B95-46F5-8A9F-5E3885172A55}"
EndProject
Project("{FAE04EC0-301F-11D3-BF4B-00C04F79EFBC}") = "BOCCHI.CriticalEncounters", "BOCCHI.CriticalEncounters\BOCCHI.CriticalEncounters.csproj", "{EEDAAB63-C1BF-43F3-B85A-F35E9D436A5D}"
EndProject
Global
	GlobalSection(SolutionConfigurationPlatforms) = preSolution
		Debug|Any CPU = Debug|Any CPU
		Debug|x64 = Debug|x64
		Debug|x86 = Debug|x86
		Release|Any CPU = Release|Any CPU
		Release|x64 = Release|x64
		Release|x86 = Release|x86
	EndGlobalSection
	GlobalSection(ProjectConfigurationPlatforms) = postSolution
		{C3C4A105-2D76-4899-990C-706C78027119}.Debug|Any CPU.ActiveCfg = Debug|Any CPU
		{C3C4A105-2D76-4899-990C-706C78027119}.Debug|Any CPU.Build.0 = Debug|Any CPU
		{C3C4A105-2D76-4899-990C-706C78027119}.Debug|x64.ActiveCfg = Debug|x64
		{C3C4A105-2D76-4899-990C-706C78027119}.Debug|x64.Build.0 = Debug|x64
		{C3C4A105-2D76-4899-990C-706C78027119}.Debug|x86.ActiveCfg = Debug|Any CPU
		{C3C4A105-2D76-4899-990C-706C78027119}.Debug|x86.Build.0 = Debug|Any CPU
		{C3C4A105-2D76-4899-990C-706C78027119}.Release|Any CPU.ActiveCfg = Release|Any CPU
		{C3C4A105-2D76-4899-990C-706C78027119}.Release|Any CPU.Build.0 = Release|Any CPU
		{C3C4A105-2D76-4899-990C-706C78027119}.Release|x64.ActiveCfg = Release|x64
		{C3C4A105-2D76-4899-990C-706C78027119}.Release|x64.Build.0 = Release|x64
		{C3C4A105-2D76-4899-990C-706C78027119}.Release|x86.ActiveCfg = Release|Any CPU
		{C3C4A105-2D76-4899-990C-706C78027119}.Release|x86.Build.0 = Release|Any CPU
		{A36918B4-702E-4A36-9E0A-97431A770D29}.Debug|Any CPU.ActiveCfg = Debug|Any CPU
		{A36918B4-702E-4A36-9E0A-97431A770D29}.Debug|Any CPU.Build.0 = Debug|Any CPU
		{A36918B4-702E-4A36-9E0A-97431A770D29}.Debug|x64.ActiveCfg = Debug|Any CPU
		{A36918B4-702E-4A36-9E0A-97431A770D29}.Debug|x64.Build.0 = Debug|Any CPU
		{A36918B4-702E-4A36-9E0A-97431A770D29}.Debug|x86.ActiveCfg = Debug|Any CPU
		{A36918B4-702E-4A36-9E0A-97431A770D29}.Debug|x86.Build.0 = Debug|Any CPU
		{A36918B4-702E-4A36-9E0A-97431A770D29}.Release|Any CPU.ActiveCfg = Release|Any CPU
		{A36918B4-702E-4A36-9E0A-97431A770D29}.Release|Any CPU.Build.0 = Release|Any CPU
		{A36918B4-702E-4A36-9E0A-97431A770D29}.Release|x64.ActiveCfg = Release|Any CPU
		{A36918B4-702E-4A36-9E0A-97431A770D29}.Release|x64.Build.0 = Release|Any CPU
		{A36918B4-702E-4A36-9E0A-97431A770D29}.Release|x86.ActiveCfg = Release|Any CPU
		{A36918B4-702E-4A36-9E0A-97431A770D29}.Release|x86.Build.0 = Release|Any CPU
		{16247A21-400E-4B7D-86E5-CF8F18BA8583}.Debug|Any CPU.ActiveCfg = Debug|Any CPU
		{16247A21-400E-4B7D-86E5-CF8F18BA8583}.Debug|Any CPU.Build.0 = Debug|Any CPU
		{16247A21-400E-4B7D-86E5-CF8F18BA8583}.Debug|x64.ActiveCfg = Debug|Any CPU
		{16247A21-400E-4B7D-86E5-CF8F18BA8583}.Debug|x64.Build.0 = Debug|Any CPU
		{16247A21-400E-4B7D-86E5-CF8F18BA8583}.Debug|x86.ActiveCfg = Debug|Any CPU
		{16247A21-400E-4B7D-86E5-CF8F18BA8583}.Debug|x86.Build.0 = Debug|Any CPU
		{16247A21-400E-4B7D-86E5-CF8F18BA8583}.Release|Any CPU.ActiveCfg = Release|Any CPU
		{16247A21-400E-4B7D-86E5-CF8F18BA8583}.Release|Any CPU.Build.0 = Release|Any CPU
		{16247A21-400E-4B7D-86E5-CF8F18BA8583}.Release|x64.ActiveCfg = Release|Any CPU
		{16247A21-400E-4B7D-86E5-CF8F18BA8583}.Release|x64.Build.0 = Release|Any CPU
		{16247A21-400E-4B7D-86E5-CF8F18BA8583}.Release|x86.ActiveCfg = Release|Any CPU
		{16247A21-400E-4B7D-86E5-CF8F18BA8583}.Release|x86.Build.0 = Release|Any CPU
		{3DF2E74C-CC87-42BD-B8B9-7FAABC3F9104}.Debug|Any CPU.ActiveCfg = Debug|Any CPU
		{3DF2E74C-CC87-42BD-B8B9-7FAABC3F9104}.Debug|Any CPU.Build.0 = Debug|Any CPU
		{3DF2E74C-CC87-42BD-B8B9-7FAABC3F9104}.Debug|x64.ActiveCfg = Debug|Any CPU
		{3DF2E74C-CC87-42BD-B8B9-7FAABC3F9104}.Debug|x64.Build.0 = Debug|Any CPU
		{3DF2E74C-CC87-42BD-B8B9-7FAABC3F9104}.Debug|x86.ActiveCfg = Debug|Any CPU
		{3DF2E74C-CC87-42BD-B8B9-7FAABC3F9104}.Debug|x86.Build.0 = Debug|Any CPU
		{3DF2E74C-CC87-42BD-B8B9-7FAABC3F9104}.Release|Any CPU.ActiveCfg = Release|Any CPU
		{3DF2E74C-CC87-42BD-B8B9-7FAABC3F9104}.Release|Any CPU.Build.0 = Release|Any CPU
		{3DF2E74C-CC87-42BD-B8B9-7FAABC3F9104}.Release|x64.ActiveCfg = Release|Any CPU
		{3DF2E74C-CC87-42BD-B8B9-7FAABC3F9104}.Release|x64.Build.0 = Release|Any CPU
		{3DF2E74C-CC87-42BD-B8B9-7FAABC3F9104}.Release|x86.ActiveCfg = Release|Any CPU
		{3DF2E74C-CC87-42BD-B8B9-7FAABC3F9104}.Release|x86.Build.0 = Release|Any CPU
		{E0457EAD-2E45-4C6F-8342-DE9A0310975F}.Debug|Any CPU.ActiveCfg = Debug|Any CPU
		{E0457EAD-2E45-4C6F-8342-DE9A0310975F}.Debug|Any CPU.Build.0 = Debug|Any CPU
		{E0457EAD-2E45-4C6F-8342-DE9A0310975F}.Debug|x64.ActiveCfg = Debug|Any CPU
		{E0457EAD-2E45-4C6F-8342-DE9A0310975F}.Debug|x64.Build.0 = Debug|Any CPU
		{E0457EAD-2E45-4C6F-8342-DE9A0310975F}.Debug|x86.ActiveCfg = Debug|Any CPU
		{E0457EAD-2E45-4C6F-8342-DE9A0310975F}.Debug|x86.Build.0 = Debug|Any CPU
		{E0457EAD-2E45-4C6F-8342-DE9A0310975F}.Release|Any CPU.ActiveCfg = Release|Any CPU
		{E0457EAD-2E45-4C6F-8342-DE9A0310975F}.Release|Any CPU.Build.0 = Release|Any CPU
		{E0457EAD-2E45-4C6F-8342-DE9A0310975F}.Release|x64.ActiveCfg = Release|Any CPU
		{E0457EAD-2E45-4C6F-8342-DE9A0310975F}.Release|x64.Build.0 = Release|Any CPU
		{E0457EAD-2E45-4C6F-8342-DE9A0310975F}.Release|x86.ActiveCfg = Release|Any CPU
		{E0457EAD-2E45-4C6F-8342-DE9A0310975F}.Release|x86.Build.0 = Release|Any CPU
		{797B7D03-4347-429F-83FD-7A921AD43F1E}.Debug|Any CPU.ActiveCfg = Debug|Any CPU
		{797B7D03-4347-429F-83FD-7A921AD43F1E}.Debug|Any CPU.Build.0 = Debug|Any CPU
		{797B7D03-4347-429F-83FD-7A921AD43F1E}.Debug|x64.ActiveCfg = Debug|Any CPU
		{797B7D03-4347-429F-83FD-7A921AD43F1E}.Debug|x64.Build.0 = Debug|Any CPU
		{797B7D03-4347-429F-83FD-7A921AD43F1E}.Debug|x86.ActiveCfg = Debug|Any CPU
		{797B7D03-4347-429F-83FD-7A921AD43F1E}.Debug|x86.Build.0 = Debug|Any CPU
		{797B7D03-4347-429F-83FD-7A921AD43F1E}.Release|Any CPU.ActiveCfg = Release|Any CPU
		{797B7D03-4347-429F-83FD-7A921AD43F1E}.Release|Any CPU.Build.0 = Release|Any CPU
		{797B7D03-4347-429F-83FD-7A921AD43F1E}.Release|x64.ActiveCfg = Release|Any CPU
		{797B7D03-4347-429F-83FD-7A921AD43F1E}.Release|x64.Build.0 = Release|Any CPU
		{797B7D03-4347-429F-83FD-7A921AD43F1E}.Release|x86.ActiveCfg = Release|Any CPU
		{797B7D03-4347-429F-83FD-7A921AD43F1E}.Release|x86.Build.0 = Release|Any CPU
		{7BB27BE0-8A78-463C-95EE-8B74E2FE89CA}.Debug|Any CPU.ActiveCfg = Debug|Any CPU
		{7BB27BE0-8A78-463C-95EE-8B74E2FE89CA}.Debug|Any CPU.Build.0 = Debug|Any CPU
		{7BB27BE0-8A78-463C-95EE-8B74E2FE89CA}.Debug|x64.ActiveCfg = Debug|Any CPU
		{7BB27BE0-8A78-463C-95EE-8B74E2FE89CA}.Debug|x64.Build.0 = Debug|Any CPU
		{7BB27BE0-8A78-463C-95EE-8B74E2FE89CA}.Debug|x86.ActiveCfg = Debug|Any CPU
		{7BB27BE0-8A78-463C-95EE-8B74E2FE89CA}.Debug|x86.Build.0 = Debug|Any CPU
		{7BB27BE0-8A78-463C-95EE-8B74E2FE89CA}.Release|Any CPU.ActiveCfg = Release|Any CPU
		{7BB27BE0-8A78-463C-95EE-8B74E2FE89CA}.Release|Any CPU.Build.0 = Release|Any CPU
		{7BB27BE0-8A78-463C-95EE-8B74E2FE89CA}.Release|x64.ActiveCfg = Release|Any CPU
		{7BB27BE0-8A78-463C-95EE-8B74E2FE89CA}.Release|x64.Build.0 = Release|Any CPU
		{7BB27BE0-8A78-463C-95EE-8B74E2FE89CA}.Release|x86.ActiveCfg = Release|Any CPU
		{7BB27BE0-8A78-463C-95EE-8B74E2FE89CA}.Release|x86.Build.0 = Release|Any CPU
		{13621B80-05C9-46CF-A384-47CCDD497B9E}.Debug|Any CPU.ActiveCfg = Debug|Any CPU
		{13621B80-05C9-46CF-A384-47CCDD497B9E}.Debug|Any CPU.Build.0 = Debug|Any CPU
		{13621B80-05C9-46CF-A384-47CCDD497B9E}.Debug|x64.ActiveCfg = Debug|Any CPU
		{13621B80-05C9-46CF-A384-47CCDD497B9E}.Debug|x64.Build.0 = Debug|Any CPU
		{13621B80-05C9-46CF-A384-47CCDD497B9E}.Debug|x86.ActiveCfg = Debug|Any CPU
		{13621B80-05C9-46CF-A384-47CCDD497B9E}.Debug|x86.Build.0 = Debug|Any CPU
		{13621B80-05C9-46CF-A384-47CCDD497B9E}.Release|Any CPU.ActiveCfg = Release|Any CPU
		{13621B80-05C9-46CF-A384-47CCDD497B9E}.Release|Any CPU.Build.0 = Release|Any CPU
		{13621B80-05C9-46CF-A384-47CCDD497B9E}.Release|x64.ActiveCfg = Release|Any CPU
		{13621B80-05C9-46CF-A384-47CCDD497B9E}.Release|x64.Build.0 = Release|Any CPU
		{13621B80-05C9-46CF-A384-47CCDD497B9E}.Release|x86.ActiveCfg = Release|Any CPU
		{13621B80-05C9-46CF-A384-47CCDD497B9E}.Release|x86.Build.0 = Release|Any CPU
		{47452609-F1D3-4D60-9365-47EDBD193989}.Debug|Any CPU.ActiveCfg = Debug|Any CPU
		{47452609-F1D3-4D60-9365-47EDBD193989}.Debug|Any CPU.Build.0 = Debug|Any CPU
		{47452609-F1D3-4D60-9365-47EDBD193989}.Debug|x64.ActiveCfg = Debug|x64
		{47452609-F1D3-4D60-9365-47EDBD193989}.Debug|x64.Build.0 = Debug|x64
		{47452609-F1D3-4D60-9365-47EDBD193989}.Debug|x86.ActiveCfg = Debug|Any CPU
		{47452609-F1D3-4D60-9365-47EDBD193989}.Debug|x86.Build.0 = Debug|Any CPU
		{47452609-F1D3-4D60-9365-47EDBD193989}.Release|Any CPU.ActiveCfg = Release|Any CPU
		{47452609-F1D3-4D60-9365-47EDBD193989}.Release|Any CPU.Build.0 = Release|Any CPU
		{47452609-F1D3-4D60-9365-47EDBD193989}.Release|x64.ActiveCfg = Release|x64
		{47452609-F1D3-4D60-9365-47EDBD193989}.Release|x64.Build.0 = Release|x64
		{47452609-F1D3-4D60-9365-47EDBD193989}.Release|x86.ActiveCfg = Release|Any CPU
		{47452609-F1D3-4D60-9365-47EDBD193989}.Release|x86.Build.0 = Release|Any CPU
		{E384F746-E294-48F8-BC26-FC74B06A66E4}.Debug|Any CPU.ActiveCfg = Debug|Any CPU
		{E384F746-E294-48F8-BC26-FC74B06A66E4}.Debug|Any CPU.Build.0 = Debug|Any CPU
		{E384F746-E294-48F8-BC26-FC74B06A66E4}.Debug|x64.ActiveCfg = Debug|Any CPU
		{E384F746-E294-48F8-BC26-FC74B06A66E4}.Debug|x64.Build.0 = Debug|Any CPU
		{E384F746-E294-48F8-BC26-FC74B06A66E4}.Debug|x86.ActiveCfg = Debug|Any CPU
		{E384F746-E294-48F8-BC26-FC74B06A66E4}.Debug|x86.Build.0 = Debug|Any CPU
		{E384F746-E294-48F8-BC26-FC74B06A66E4}.Release|Any CPU.ActiveCfg = Release|Any CPU
		{E384F746-E294-48F8-BC26-FC74B06A66E4}.Release|Any CPU.Build.0 = Release|Any CPU
		{E384F746-E294-48F8-BC26-FC74B06A66E4}.Release|x64.ActiveCfg = Release|Any CPU
		{E384F746-E294-48F8-BC26-FC74B06A66E4}.Release|x64.Build.0 = Release|Any CPU
		{E384F746-E294-48F8-BC26-FC74B06A66E4}.Release|x86.ActiveCfg = Release|Any CPU
		{E384F746-E294-48F8-BC26-FC74B06A66E4}.Release|x86.Build.0 = Release|Any CPU
		{435D4FF3-6B95-46F5-8A9F-5E3885172A55}.Debug|Any CPU.ActiveCfg = Debug|Any CPU
		{435D4FF3-6B95-46F5-8A9F-5E3885172A55}.Debug|Any CPU.Build.0 = Debug|Any CPU
		{435D4FF3-6B95-46F5-8A9F-5E3885172A55}.Debug|x64.ActiveCfg = Debug|Any CPU
		{435D4FF3-6B95-46F5-8A9F-5E3885172A55}.Debug|x64.Build.0 = Debug|Any CPU
		{435D4FF3-6B95-46F5-8A9F-5E3885172A55}.Debug|x86.ActiveCfg = Debug|Any CPU
		{435D4FF3-6B95-46F5-8A9F-5E3885172A55}.Debug|x86.Build.0 = Debug|Any CPU
		{435D4FF3-6B95-46F5-8A9F-5E3885172A55}.Release|Any CPU.ActiveCfg = Release|Any CPU
		{435D4FF3-6B95-46F5-8A9F-5E3885172A55}.Release|Any CPU.Build.0 = Release|Any CPU
		{435D4FF3-6B95-46F5-8A9F-5E3885172A55}.Release|x64.ActiveCfg = Release|Any CPU
		{435D4FF3-6B95-46F5-8A9F-5E3885172A55}.Release|x64.Build.0 = Release|Any CPU
		{435D4FF3-6B95-46F5-8A9F-5E3885172A55}.Release|x86.ActiveCfg = Release|Any CPU
		{435D4FF3-6B95-46F5-8A9F-5E3885172A55}.Release|x86.Build.0 = Release|Any CPU
		{EEDAAB63-C1BF-43F3-B85A-F35E9D436A5D}.Debug|Any CPU.ActiveCfg = Debug|Any CPU
		{EEDAAB63-C1BF-43F3-B85A-F35E9D436A5D}.Debug|Any CPU.Build.0 = Debug|Any CPU
		{EEDAAB63-C1BF-43F3-B85A-F35E9D436A5D}.Debug|x64.ActiveCfg = Debug|x64
		{EEDAAB63-C1BF-43F3-B85A-F35E9D436A5D}.Debug|x64.Build.0 = Debug|x64
		{EEDAAB63-C1BF-43F3-B85A-F35E9D436A5D}.Debug|x86.ActiveCfg = Debug|Any CPU
		{EEDAAB63-C1BF-43F3-B85A-F35E9D436A5D}.Debug|x86.Build.0 = Debug|Any CPU
		{EEDAAB63-C1BF-43F3-B85A-F35E9D436A5D}.Release|Any CPU.ActiveCfg = Release|Any CPU
		{EEDAAB63-C1BF-43F3-B85A-F35E9D436A5D}.Release|Any CPU.Build.0 = Release|Any CPU
		{EEDAAB63-C1BF-43F3-B85A-F35E9D436A5D}.Release|x64.ActiveCfg = Release|x64
		{EEDAAB63-C1BF-43F3-B85A-F35E9D436A5D}.Release|x64.Build.0 = Release|x64
		{EEDAAB63-C1BF-43F3-B85A-F35E9D436A5D}.Release|x86.ActiveCfg = Release|Any CPU
		{EEDAAB63-C1BF-43F3-B85A-F35E9D436A5D}.Release|x86.Build.0 = Release|Any CPU
	EndGlobalSection
	GlobalSection(SolutionProperties) = preSolution
		HideSolutionNode = FALSE
	EndGlobalSection
	GlobalSection(NestedProjects) = preSolution
		{797B7D03-4347-429F-83FD-7A921AD43F1E} = {66EC9825-CE5F-5B43-B38A-2716DF236601}
		{7BB27BE0-8A78-463C-95EE-8B74E2FE89CA} = {66EC9825-CE5F-5B43-B38A-2716DF236601}
		{E384F746-E294-48F8-BC26-FC74B06A66E4} = {66EC9825-CE5F-5B43-B38A-2716DF236601}
		{435D4FF3-6B95-46F5-8A9F-5E3885172A55} = {66EC9825-CE5F-5B43-B38A-2716DF236601}
	EndGlobalSection
EndGlobal
